
Microsoft Visual Studio Solution File, Format Version 12.00
# Visual Studio Version 16
VisualStudioVersion = 16.0.31911.196
MinimumVisualStudioVersion = 10.0.40219.1
Project("{FAE04EC0-301F-11D3-BF4B-00C04F79EFBC}") = "Jogo da Velha", "Jogo da Velha\Jogo da Velha.csproj", "{8A205185-AABA-450D-B021-0A8311A7EC77}"
EndProject
Global
	GlobalSection(SolutionConfigurationPlatforms) = preSolution
		Debug|Any CPU = Debug|Any CPU
		Release|Any CPU = Release|Any CPU
	EndGlobalSection
	GlobalSection(ProjectConfigurationPlatforms) = postSolution
		{8A205185-AABA-450D-B021-0A8311A7EC77}.Debug|Any CPU.ActiveCfg = Debug|Any CPU
		{8A205185-AABA-450D-B021-0A8311A7EC77}.Debug|Any CPU.Build.0 = Debug|Any CPU
		{8A205185-AABA-450D-B021-0A8311A7EC77}.Release|Any CPU.ActiveCfg = Release|Any CPU
		{8A205185-AABA-450D-B021-0A8311A7EC77}.Release|Any CPU.Build.0 = Release|Any CPU
	EndGlobalSection
	GlobalSection(SolutionProperties) = preSolution
		HideSolutionNode = FALSE
	EndGlobalSection
	GlobalSection(ExtensibilityGlobals) = postSolution
		SolutionGuid = {CAA7F060-CDDE-4EA0-836C-DAFDF0C39B84}
	EndGlobalSection
EndGlobal
